
Microsoft Visual Studio Solution File, Format Version 12.00
# Visual Studio Version 17
VisualStudioVersion = 17.5.33414.496
MinimumVisualStudioVersion = 10.0.40219.1
Project("{9A19103F-16F7-4668-BE54-9A1E7A4F7556}") = "Ciber", "Ciber\Ciber.csproj", "{C0F0DDF5-2B5C-4D04-8B01-B7A0CA2E71B7}"
EndProject
Project("{FAE04EC0-301F-11D3-BF4B-00C04F79EFBC}") = "CiberTest", "CiberTest\CiberTest.csproj", "{34586CE5-0B9F-4B60-AE4D-D597E167C197}"
EndProject
Global
	GlobalSection(SolutionConfigurationPlatforms) = preSolution
		Debug|Any CPU = Debug|Any CPU
		Release|Any CPU = Release|Any CPU
	EndGlobalSection
	GlobalSection(ProjectConfigurationPlatforms) = postSolution
		{C0F0DDF5-2B5C-4D04-8B01-B7A0CA2E71B7}.Debug|Any CPU.ActiveCfg = Debug|Any CPU
		{C0F0DDF5-2B5C-4D04-8B01-B7A0CA2E71B7}.Debug|Any CPU.Build.0 = Debug|Any CPU
		{C0F0DDF5-2B5C-4D04-8B01-B7A0CA2E71B7}.Release|Any CPU.ActiveCfg = Release|Any CPU
		{C0F0DDF5-2B5C-4D04-8B01-B7A0CA2E71B7}.Release|Any CPU.Build.0 = Release|Any CPU
		{34586CE5-0B9F-4B60-AE4D-D597E167C197}.Debug|Any CPU.ActiveCfg = Debug|Any CPU
		{34586CE5-0B9F-4B60-AE4D-D597E167C197}.Debug|Any CPU.Build.0 = Debug|Any CPU
		{34586CE5-0B9F-4B60-AE4D-D597E167C197}.Release|Any CPU.ActiveCfg = Release|Any CPU
		{34586CE5-0B9F-4B60-AE4D-D597E167C197}.Release|Any CPU.Build.0 = Release|Any CPU
	EndGlobalSection
	GlobalSection(SolutionProperties) = preSolution
		HideSolutionNode = FALSE
	EndGlobalSection
	GlobalSection(ExtensibilityGlobals) = postSolution
		SolutionGuid = {DF32402C-5EEA-4302-97B3-8C13D82756B5}
	EndGlobalSection
EndGlobal
